
Microsoft Visual Studio Solution File, Format Version 12.00
# Visual Studio Version 17
VisualStudioVersion = 17.12.35527.113
MinimumVisualStudioVersion = 10.0.40219.1
Project("{2150E333-8FDC-42A3-9474-1A3956D46DE8}") = "Services", "Services", "{FA2F2D53-CCAB-4F90-A9D1-6CEBFF8E469C}"
EndProject
Project("{2150E333-8FDC-42A3-9474-1A3956D46DE8}") = "Catalog", "Catalog", "{ECFECA61-7408-4BF5-9D66-6AD736BD5C62}"
EndProject
Project("{FAE04EC0-301F-11D3-BF4B-00C04F79EFBC}") = "Shop.Catalog", "Services\Catalog\Shop.Catalog\Shop.Catalog.csproj", "{28F63FEB-0180-4793-95D0-970AFF46E104}"
EndProject
Project("{2150E333-8FDC-42A3-9474-1A3956D46DE8}") = "Discount", "Discount", "{BC5CCC13-75F0-43E8-9B0B-000422D0085F}"
EndProject
Project("{FAE04EC0-301F-11D3-BF4B-00C04F79EFBC}") = "Shop.Discount", "Services\Discount\Shop.Discount\Shop.Discount.csproj", "{AAADDFB7-8ED7-4EBE-B561-A3B35AAF5FA0}"
EndProject
Project("{2150E333-8FDC-42A3-9474-1A3956D46DE8}") = "Order", "Order", "{CA6C4964-44E7-472E-B2AC-A57404DBD9ED}"
EndProject
Project("{2150E333-8FDC-42A3-9474-1A3956D46DE8}") = "Core", "Core", "{6A678F43-257C-403C-B016-F7AEACB7C74C}"
EndProject
Project("{2150E333-8FDC-42A3-9474-1A3956D46DE8}") = "Infrasturcture", "Infrasturcture", "{BAC0A44E-368B-42FB-9B0C-594EA5FC5A36}"
EndProject
Project("{2150E333-8FDC-42A3-9474-1A3956D46DE8}") = "Presentation", "Presentation", "{67ED5F34-3FAE-4839-9B84-C3840B274773}"
EndProject
Project("{FAE04EC0-301F-11D3-BF4B-00C04F79EFBC}") = "Shop.Order.Domain", "Services\Order\Core\Shop.Order.Domain\Shop.Order.Domain.csproj", "{BB65C1A6-F597-475D-9146-E62E1B9A5025}"
EndProject
Project("{FAE04EC0-301F-11D3-BF4B-00C04F79EFBC}") = "Shop.Order.Application", "Services\Order\Core\Shop.Order.Application\Shop.Order.Application.csproj", "{F1BA0924-D731-4BEA-B65F-A6A7D5A71FD2}"
EndProject
Project("{FAE04EC0-301F-11D3-BF4B-00C04F79EFBC}") = "Shop.Order.Persistence", "Services\Order\Infrastructure\Shop.Order.Persistance\Shop.Order.Persistence.csproj", "{F1D2091A-E1D8-442F-8340-93D412F63228}"
EndProject
Project("{FAE04EC0-301F-11D3-BF4B-00C04F79EFBC}") = "Shop.Order.WebApi", "Services\Order\Presentation\Shop.Order.WebApi\Shop.Order.WebApi.csproj", "{B6DAD339-2956-428B-8927-B02AD8FF90F9}"
EndProject
Global
	GlobalSection(SolutionConfigurationPlatforms) = preSolution
		Debug|Any CPU = Debug|Any CPU
		Release|Any CPU = Release|Any CPU
	EndGlobalSection
	GlobalSection(ProjectConfigurationPlatforms) = postSolution
		{28F63FEB-0180-4793-95D0-970AFF46E104}.Debug|Any CPU.ActiveCfg = Debug|Any CPU
		{28F63FEB-0180-4793-95D0-970AFF46E104}.Debug|Any CPU.Build.0 = Debug|Any CPU
		{28F63FEB-0180-4793-95D0-970AFF46E104}.Release|Any CPU.ActiveCfg = Release|Any CPU
		{28F63FEB-0180-4793-95D0-970AFF46E104}.Release|Any CPU.Build.0 = Release|Any CPU
		{AAADDFB7-8ED7-4EBE-B561-A3B35AAF5FA0}.Debug|Any CPU.ActiveCfg = Debug|Any CPU
		{AAADDFB7-8ED7-4EBE-B561-A3B35AAF5FA0}.Debug|Any CPU.Build.0 = Debug|Any CPU
		{AAADDFB7-8ED7-4EBE-B561-A3B35AAF5FA0}.Release|Any CPU.ActiveCfg = Release|Any CPU
		{AAADDFB7-8ED7-4EBE-B561-A3B35AAF5FA0}.Release|Any CPU.Build.0 = Release|Any CPU
		{BB65C1A6-F597-475D-9146-E62E1B9A5025}.Debug|Any CPU.ActiveCfg = Debug|Any CPU
		{BB65C1A6-F597-475D-9146-E62E1B9A5025}.Debug|Any CPU.Build.0 = Debug|Any CPU
		{BB65C1A6-F597-475D-9146-E62E1B9A5025}.Release|Any CPU.ActiveCfg = Release|Any CPU
		{BB65C1A6-F597-475D-9146-E62E1B9A5025}.Release|Any CPU.Build.0 = Release|Any CPU
		{F1BA0924-D731-4BEA-B65F-A6A7D5A71FD2}.Debug|Any CPU.ActiveCfg = Debug|Any CPU
		{F1BA0924-D731-4BEA-B65F-A6A7D5A71FD2}.Debug|Any CPU.Build.0 = Debug|Any CPU
		{F1BA0924-D731-4BEA-B65F-A6A7D5A71FD2}.Release|Any CPU.ActiveCfg = Release|Any CPU
		{F1BA0924-D731-4BEA-B65F-A6A7D5A71FD2}.Release|Any CPU.Build.0 = Release|Any CPU
		{F1D2091A-E1D8-442F-8340-93D412F63228}.Debug|Any CPU.ActiveCfg = Debug|Any CPU
		{F1D2091A-E1D8-442F-8340-93D412F63228}.Debug|Any CPU.Build.0 = Debug|Any CPU
		{F1D2091A-E1D8-442F-8340-93D412F63228}.Release|Any CPU.ActiveCfg = Release|Any CPU
		{F1D2091A-E1D8-442F-8340-93D412F63228}.Release|Any CPU.Build.0 = Release|Any CPU
		{B6DAD339-2956-428B-8927-B02AD8FF90F9}.Debug|Any CPU.ActiveCfg = Debug|Any CPU
		{B6DAD339-2956-428B-8927-B02AD8FF90F9}.Debug|Any CPU.Build.0 = Debug|Any CPU
		{B6DAD339-2956-428B-8927-B02AD8FF90F9}.Release|Any CPU.ActiveCfg = Release|Any CPU
		{B6DAD339-2956-428B-8927-B02AD8FF90F9}.Release|Any CPU.Build.0 = Release|Any CPU
	EndGlobalSection
	GlobalSection(SolutionProperties) = preSolution
		HideSolutionNode = FALSE
	EndGlobalSection
	GlobalSection(NestedProjects) = preSolution
		{ECFECA61-7408-4BF5-9D66-6AD736BD5C62} = {FA2F2D53-CCAB-4F90-A9D1-6CEBFF8E469C}
		{28F63FEB-0180-4793-95D0-970AFF46E104} = {ECFECA61-7408-4BF5-9D66-6AD736BD5C62}
		{BC5CCC13-75F0-43E8-9B0B-000422D0085F} = {FA2F2D53-CCAB-4F90-A9D1-6CEBFF8E469C}
		{AAADDFB7-8ED7-4EBE-B561-A3B35AAF5FA0} = {BC5CCC13-75F0-43E8-9B0B-000422D0085F}
		{CA6C4964-44E7-472E-B2AC-A57404DBD9ED} = {FA2F2D53-CCAB-4F90-A9D1-6CEBFF8E469C}
		{6A678F43-257C-403C-B016-F7AEACB7C74C} = {CA6C4964-44E7-472E-B2AC-A57404DBD9ED}
		{BAC0A44E-368B-42FB-9B0C-594EA5FC5A36} = {CA6C4964-44E7-472E-B2AC-A57404DBD9ED}
		{67ED5F34-3FAE-4839-9B84-C3840B274773} = {CA6C4964-44E7-472E-B2AC-A57404DBD9ED}
		{BB65C1A6-F597-475D-9146-E62E1B9A5025} = {6A678F43-257C-403C-B016-F7AEACB7C74C}
		{F1BA0924-D731-4BEA-B65F-A6A7D5A71FD2} = {6A678F43-257C-403C-B016-F7AEACB7C74C}
		{F1D2091A-E1D8-442F-8340-93D412F63228} = {BAC0A44E-368B-42FB-9B0C-594EA5FC5A36}
		{B6DAD339-2956-428B-8927-B02AD8FF90F9} = {67ED5F34-3FAE-4839-9B84-C3840B274773}
	EndGlobalSection
EndGlobal
