
Microsoft Visual Studio Solution File, Format Version 12.00
# Visual Studio Version 17
VisualStudioVersion = 17.12.35527.113
MinimumVisualStudioVersion = 10.0.40219.1
Project("{2150E333-8FDC-42A3-9474-1A3956D46DE8}") = "Services", "Services", "{FA2F2D53-CCAB-4F90-A9D1-6CEBFF8E469C}"
EndProject
Project("{2150E333-8FDC-42A3-9474-1A3956D46DE8}") = "Catalog", "Catalog", "{ECFECA61-7408-4BF5-9D66-6AD736BD5C62}"
EndProject
Project("{FAE04EC0-301F-11D3-BF4B-00C04F79EFBC}") = "Shop.Catalog", "Services\Catalog\Shop.Catalog\Shop.Catalog.csproj", "{28F63FEB-0180-4793-95D0-970AFF46E104}"
EndProject
Project("{2150E333-8FDC-42A3-9474-1A3956D46DE8}") = "Discount", "Discount", "{BC5CCC13-75F0-43E8-9B0B-000422D0085F}"
EndProject
Project("{FAE04EC0-301F-11D3-BF4B-00C04F79EFBC}") = "Shop.Discount", "Services\Discount\Shop.Discount\Shop.Discount.csproj", "{AAADDFB7-8ED7-4EBE-B561-A3B35AAF5FA0}"
EndProject
Project("{2150E333-8FDC-42A3-9474-1A3956D46DE8}") = "Order", "Order", "{CA6C4964-44E7-472E-B2AC-A57404DBD9ED}"
EndProject
Project("{2150E333-8FDC-42A3-9474-1A3956D46DE8}") = "Core", "Core", "{6A678F43-257C-403C-B016-F7AEACB7C74C}"
EndProject
Project("{2150E333-8FDC-42A3-9474-1A3956D46DE8}") = "Infrasturcture", "Infrasturcture", "{BAC0A44E-368B-42FB-9B0C-594EA5FC5A36}"
EndProject
Project("{2150E333-8FDC-42A3-9474-1A3956D46DE8}") = "Presentation", "Presentation", "{67ED5F34-3FAE-4839-9B84-C3840B274773}"
EndProject
Project("{FAE04EC0-301F-11D3-BF4B-00C04F79EFBC}") = "Shop.Order.Domain", "Services\Order\Core\Shop.Order.Domain\Shop.Order.Domain.csproj", "{BB65C1A6-F597-475D-9146-E62E1B9A5025}"
EndProject
Project("{FAE04EC0-301F-11D3-BF4B-00C04F79EFBC}") = "Shop.Order.Application", "Services\Order\Core\Shop.Order.Application\Shop.Order.Application.csproj", "{F1BA0924-D731-4BEA-B65F-A6A7D5A71FD2}"
EndProject
Project("{FAE04EC0-301F-11D3-BF4B-00C04F79EFBC}") = "Shop.Order.Persistence", "Services\Order\Infrastructure\Shop.Order.Persistance\Shop.Order.Persistence.csproj", "{F1D2091A-E1D8-442F-8340-93D412F63228}"
EndProject
Project("{FAE04EC0-301F-11D3-BF4B-00C04F79EFBC}") = "Shop.Order.WebApi", "Services\Order\Presentation\Shop.Order.WebApi\Shop.Order.WebApi.csproj", "{B6DAD339-2956-428B-8927-B02AD8FF90F9}"
EndProject
Project("{2150E333-8FDC-42A3-9474-1A3956D46DE8}") = "IdentityServer", "IdentityServer", "{C53C1C73-4F80-476E-B4E8-9865812C811C}"
EndProject
Project("{FAE04EC0-301F-11D3-BF4B-00C04F79EFBC}") = "Shop.IdentityServer", "IdentityServer\Shop.IdentityServer\Shop.IdentityServer.csproj", "{13CC9F22-A791-4D45-A302-3CFEA4E46FFD}"
EndProject
Project("{2150E333-8FDC-42A3-9474-1A3956D46DE8}") = "Requirements", "Requirements", "{30814687-46B8-4135-9106-8789ABBE6F54}"
	ProjectSection(SolutionItems) = preProject
		IdentityServerVersionErrorSolution.txt = IdentityServerVersionErrorSolution.txt
		PortainerCmd.txt = PortainerCmd.txt
		PortNumbers.txt = PortNumbers.txt
	EndProjectSection
EndProject
Project("{2150E333-8FDC-42A3-9474-1A3956D46DE8}") = "Cargo", "Cargo", "{A3267343-4A13-4310-A58B-A4A4F0A2CB7D}"
EndProject
Project("{FAE04EC0-301F-11D3-BF4B-00C04F79EFBC}") = "Shop.Cargo.Business", "Services\Cargo\Shop.Cargo.Business\Shop.Cargo.Business.csproj", "{2546BBB7-9A52-4FE3-8A7B-1D7ED5798529}"
EndProject
Project("{FAE04EC0-301F-11D3-BF4B-00C04F79EFBC}") = "Shop.Entities", "Services\Cargo\Shop.Entities\Shop.Entities.csproj", "{226185B9-220D-4066-952F-C7ADDBF542AB}"
EndProject
Project("{FAE04EC0-301F-11D3-BF4B-00C04F79EFBC}") = "Shop.DataAccess", "Services\Cargo\Shop.DataAccess\Shop.DataAccess.csproj", "{F9659C85-B28C-4D80-9893-B55F1416EFD6}"
EndProject
Project("{FAE04EC0-301F-11D3-BF4B-00C04F79EFBC}") = "Shop.DTOs", "Services\Cargo\Shop.DTOs\Shop.DTOs.csproj", "{CCBF1ED6-C9DE-41A6-B076-C04481EF26CD}"
EndProject
Project("{FAE04EC0-301F-11D3-BF4B-00C04F79EFBC}") = "Shop.Cargo.WebApi", "Services\Cargo\Shop.Cargo.WebApi\Shop.Cargo.WebApi.csproj", "{9F67017B-023A-4258-BFBC-A449A780D0AD}"
EndProject
Project("{2150E333-8FDC-42A3-9474-1A3956D46DE8}") = "Basket", "Basket", "{EBBE2B40-9849-4D97-8DAE-2452EA874FF6}"
EndProject
Project("{FAE04EC0-301F-11D3-BF4B-00C04F79EFBC}") = "Shop.Basket", "Services\Basket\Shop.Basket\Shop.Basket.csproj", "{524D4DC5-CA87-46F1-B157-236A6F98C1C3}"
EndProject
Project("{2150E333-8FDC-42A3-9474-1A3956D46DE8}") = "Frontend", "Frontend", "{286E096D-EAFE-4AF0-B9E7-80F639330FF1}"
EndProject
Project("{FAE04EC0-301F-11D3-BF4B-00C04F79EFBC}") = "Shop.WebUI", "Frontend\Shop.WebUI\Shop.WebUI.csproj", "{43C74F35-4159-4836-AD93-BB658C02F7A9}"
EndProject
Project("{FAE04EC0-301F-11D3-BF4B-00C04F79EFBC}") = "Shop.DTOs", "Frontend\Shop.DTOs\Shop.DTOs.csproj", "{775A9564-77FC-41DC-AE9D-643CD08284A4}"
EndProject
Global
	GlobalSection(SolutionConfigurationPlatforms) = preSolution
		Debug|Any CPU = Debug|Any CPU
		Release|Any CPU = Release|Any CPU
	EndGlobalSection
	GlobalSection(ProjectConfigurationPlatforms) = postSolution
		{28F63FEB-0180-4793-95D0-970AFF46E104}.Debug|Any CPU.ActiveCfg = Debug|Any CPU
		{28F63FEB-0180-4793-95D0-970AFF46E104}.Debug|Any CPU.Build.0 = Debug|Any CPU
		{28F63FEB-0180-4793-95D0-970AFF46E104}.Release|Any CPU.ActiveCfg = Release|Any CPU
		{28F63FEB-0180-4793-95D0-970AFF46E104}.Release|Any CPU.Build.0 = Release|Any CPU
		{AAADDFB7-8ED7-4EBE-B561-A3B35AAF5FA0}.Debug|Any CPU.ActiveCfg = Debug|Any CPU
		{AAADDFB7-8ED7-4EBE-B561-A3B35AAF5FA0}.Debug|Any CPU.Build.0 = Debug|Any CPU
		{AAADDFB7-8ED7-4EBE-B561-A3B35AAF5FA0}.Release|Any CPU.ActiveCfg = Release|Any CPU
		{AAADDFB7-8ED7-4EBE-B561-A3B35AAF5FA0}.Release|Any CPU.Build.0 = Release|Any CPU
		{BB65C1A6-F597-475D-9146-E62E1B9A5025}.Debug|Any CPU.ActiveCfg = Debug|Any CPU
		{BB65C1A6-F597-475D-9146-E62E1B9A5025}.Debug|Any CPU.Build.0 = Debug|Any CPU
		{BB65C1A6-F597-475D-9146-E62E1B9A5025}.Release|Any CPU.ActiveCfg = Release|Any CPU
		{BB65C1A6-F597-475D-9146-E62E1B9A5025}.Release|Any CPU.Build.0 = Release|Any CPU
		{F1BA0924-D731-4BEA-B65F-A6A7D5A71FD2}.Debug|Any CPU.ActiveCfg = Debug|Any CPU
		{F1BA0924-D731-4BEA-B65F-A6A7D5A71FD2}.Debug|Any CPU.Build.0 = Debug|Any CPU
		{F1BA0924-D731-4BEA-B65F-A6A7D5A71FD2}.Release|Any CPU.ActiveCfg = Release|Any CPU
		{F1BA0924-D731-4BEA-B65F-A6A7D5A71FD2}.Release|Any CPU.Build.0 = Release|Any CPU
		{F1D2091A-E1D8-442F-8340-93D412F63228}.Debug|Any CPU.ActiveCfg = Debug|Any CPU
		{F1D2091A-E1D8-442F-8340-93D412F63228}.Debug|Any CPU.Build.0 = Debug|Any CPU
		{F1D2091A-E1D8-442F-8340-93D412F63228}.Release|Any CPU.ActiveCfg = Release|Any CPU
		{F1D2091A-E1D8-442F-8340-93D412F63228}.Release|Any CPU.Build.0 = Release|Any CPU
		{B6DAD339-2956-428B-8927-B02AD8FF90F9}.Debug|Any CPU.ActiveCfg = Debug|Any CPU
		{B6DAD339-2956-428B-8927-B02AD8FF90F9}.Debug|Any CPU.Build.0 = Debug|Any CPU
		{B6DAD339-2956-428B-8927-B02AD8FF90F9}.Release|Any CPU.ActiveCfg = Release|Any CPU
		{B6DAD339-2956-428B-8927-B02AD8FF90F9}.Release|Any CPU.Build.0 = Release|Any CPU
		{13CC9F22-A791-4D45-A302-3CFEA4E46FFD}.Debug|Any CPU.ActiveCfg = Debug|Any CPU
		{13CC9F22-A791-4D45-A302-3CFEA4E46FFD}.Debug|Any CPU.Build.0 = Debug|Any CPU
		{13CC9F22-A791-4D45-A302-3CFEA4E46FFD}.Release|Any CPU.ActiveCfg = Release|Any CPU
		{13CC9F22-A791-4D45-A302-3CFEA4E46FFD}.Release|Any CPU.Build.0 = Release|Any CPU
		{2546BBB7-9A52-4FE3-8A7B-1D7ED5798529}.Debug|Any CPU.ActiveCfg = Debug|Any CPU
		{2546BBB7-9A52-4FE3-8A7B-1D7ED5798529}.Debug|Any CPU.Build.0 = Debug|Any CPU
		{2546BBB7-9A52-4FE3-8A7B-1D7ED5798529}.Release|Any CPU.ActiveCfg = Release|Any CPU
		{2546BBB7-9A52-4FE3-8A7B-1D7ED5798529}.Release|Any CPU.Build.0 = Release|Any CPU
		{226185B9-220D-4066-952F-C7ADDBF542AB}.Debug|Any CPU.ActiveCfg = Debug|Any CPU
		{226185B9-220D-4066-952F-C7ADDBF542AB}.Debug|Any CPU.Build.0 = Debug|Any CPU
		{226185B9-220D-4066-952F-C7ADDBF542AB}.Release|Any CPU.ActiveCfg = Release|Any CPU
		{226185B9-220D-4066-952F-C7ADDBF542AB}.Release|Any CPU.Build.0 = Release|Any CPU
		{F9659C85-B28C-4D80-9893-B55F1416EFD6}.Debug|Any CPU.ActiveCfg = Debug|Any CPU
		{F9659C85-B28C-4D80-9893-B55F1416EFD6}.Debug|Any CPU.Build.0 = Debug|Any CPU
		{F9659C85-B28C-4D80-9893-B55F1416EFD6}.Release|Any CPU.ActiveCfg = Release|Any CPU
		{F9659C85-B28C-4D80-9893-B55F1416EFD6}.Release|Any CPU.Build.0 = Release|Any CPU
		{CCBF1ED6-C9DE-41A6-B076-C04481EF26CD}.Debug|Any CPU.ActiveCfg = Debug|Any CPU
		{CCBF1ED6-C9DE-41A6-B076-C04481EF26CD}.Debug|Any CPU.Build.0 = Debug|Any CPU
		{CCBF1ED6-C9DE-41A6-B076-C04481EF26CD}.Release|Any CPU.ActiveCfg = Release|Any CPU
		{CCBF1ED6-C9DE-41A6-B076-C04481EF26CD}.Release|Any CPU.Build.0 = Release|Any CPU
		{9F67017B-023A-4258-BFBC-A449A780D0AD}.Debug|Any CPU.ActiveCfg = Debug|Any CPU
		{9F67017B-023A-4258-BFBC-A449A780D0AD}.Debug|Any CPU.Build.0 = Debug|Any CPU
		{9F67017B-023A-4258-BFBC-A449A780D0AD}.Release|Any CPU.ActiveCfg = Release|Any CPU
		{9F67017B-023A-4258-BFBC-A449A780D0AD}.Release|Any CPU.Build.0 = Release|Any CPU
		{524D4DC5-CA87-46F1-B157-236A6F98C1C3}.Debug|Any CPU.ActiveCfg = Debug|Any CPU
		{524D4DC5-CA87-46F1-B157-236A6F98C1C3}.Debug|Any CPU.Build.0 = Debug|Any CPU
		{524D4DC5-CA87-46F1-B157-236A6F98C1C3}.Release|Any CPU.ActiveCfg = Release|Any CPU
		{524D4DC5-CA87-46F1-B157-236A6F98C1C3}.Release|Any CPU.Build.0 = Release|Any CPU
		{43C74F35-4159-4836-AD93-BB658C02F7A9}.Debug|Any CPU.ActiveCfg = Debug|Any CPU
		{43C74F35-4159-4836-AD93-BB658C02F7A9}.Debug|Any CPU.Build.0 = Debug|Any CPU
		{43C74F35-4159-4836-AD93-BB658C02F7A9}.Release|Any CPU.ActiveCfg = Release|Any CPU
		{43C74F35-4159-4836-AD93-BB658C02F7A9}.Release|Any CPU.Build.0 = Release|Any CPU
		{775A9564-77FC-41DC-AE9D-643CD08284A4}.Debug|Any CPU.ActiveCfg = Debug|Any CPU
		{775A9564-77FC-41DC-AE9D-643CD08284A4}.Debug|Any CPU.Build.0 = Debug|Any CPU
		{775A9564-77FC-41DC-AE9D-643CD08284A4}.Release|Any CPU.ActiveCfg = Release|Any CPU
		{775A9564-77FC-41DC-AE9D-643CD08284A4}.Release|Any CPU.Build.0 = Release|Any CPU
	EndGlobalSection
	GlobalSection(SolutionProperties) = preSolution
		HideSolutionNode = FALSE
	EndGlobalSection
	GlobalSection(NestedProjects) = preSolution
		{ECFECA61-7408-4BF5-9D66-6AD736BD5C62} = {FA2F2D53-CCAB-4F90-A9D1-6CEBFF8E469C}
		{28F63FEB-0180-4793-95D0-970AFF46E104} = {ECFECA61-7408-4BF5-9D66-6AD736BD5C62}
		{BC5CCC13-75F0-43E8-9B0B-000422D0085F} = {FA2F2D53-CCAB-4F90-A9D1-6CEBFF8E469C}
		{AAADDFB7-8ED7-4EBE-B561-A3B35AAF5FA0} = {BC5CCC13-75F0-43E8-9B0B-000422D0085F}
		{CA6C4964-44E7-472E-B2AC-A57404DBD9ED} = {FA2F2D53-CCAB-4F90-A9D1-6CEBFF8E469C}
		{6A678F43-257C-403C-B016-F7AEACB7C74C} = {CA6C4964-44E7-472E-B2AC-A57404DBD9ED}
		{BAC0A44E-368B-42FB-9B0C-594EA5FC5A36} = {CA6C4964-44E7-472E-B2AC-A57404DBD9ED}
		{67ED5F34-3FAE-4839-9B84-C3840B274773} = {CA6C4964-44E7-472E-B2AC-A57404DBD9ED}
		{BB65C1A6-F597-475D-9146-E62E1B9A5025} = {6A678F43-257C-403C-B016-F7AEACB7C74C}
		{F1BA0924-D731-4BEA-B65F-A6A7D5A71FD2} = {6A678F43-257C-403C-B016-F7AEACB7C74C}
		{F1D2091A-E1D8-442F-8340-93D412F63228} = {BAC0A44E-368B-42FB-9B0C-594EA5FC5A36}
		{B6DAD339-2956-428B-8927-B02AD8FF90F9} = {67ED5F34-3FAE-4839-9B84-C3840B274773}
		{13CC9F22-A791-4D45-A302-3CFEA4E46FFD} = {C53C1C73-4F80-476E-B4E8-9865812C811C}
		{A3267343-4A13-4310-A58B-A4A4F0A2CB7D} = {FA2F2D53-CCAB-4F90-A9D1-6CEBFF8E469C}
		{2546BBB7-9A52-4FE3-8A7B-1D7ED5798529} = {A3267343-4A13-4310-A58B-A4A4F0A2CB7D}
		{226185B9-220D-4066-952F-C7ADDBF542AB} = {A3267343-4A13-4310-A58B-A4A4F0A2CB7D}
		{F9659C85-B28C-4D80-9893-B55F1416EFD6} = {A3267343-4A13-4310-A58B-A4A4F0A2CB7D}
		{CCBF1ED6-C9DE-41A6-B076-C04481EF26CD} = {A3267343-4A13-4310-A58B-A4A4F0A2CB7D}
		{9F67017B-023A-4258-BFBC-A449A780D0AD} = {A3267343-4A13-4310-A58B-A4A4F0A2CB7D}
		{EBBE2B40-9849-4D97-8DAE-2452EA874FF6} = {FA2F2D53-CCAB-4F90-A9D1-6CEBFF8E469C}
		{524D4DC5-CA87-46F1-B157-236A6F98C1C3} = {EBBE2B40-9849-4D97-8DAE-2452EA874FF6}
		{43C74F35-4159-4836-AD93-BB658C02F7A9} = {286E096D-EAFE-4AF0-B9E7-80F639330FF1}
		{775A9564-77FC-41DC-AE9D-643CD08284A4} = {286E096D-EAFE-4AF0-B9E7-80F639330FF1}
	EndGlobalSection
EndGlobal
